# Upstream Sources Lock

Generated: 2026-07-04 01:51:57 UTC
Script: scripts/sync_sources.sh

| Source | URL | Branch | Commit |
| --- | --- | --- | --- |
| pump_public_docs | https://github.com/pump-fun/pump-public-docs.git | main | 1b822158844a60ca577df6ca122211b595a1a578 |
| meteora_docs | https://github.com/MeteoraAg/docs.git | main | 7d5988caa199f616e05ed916bbc0edcbbf107544 |
| meteora_dlmm_sdk | https://github.com/MeteoraAg/dlmm-sdk.git | main | eeda97723e760d1d6569847492ae90645c8ef6f5 |
| damm-v1-sdk | https://github.com/MeteoraAg/damm-v1-sdk.git | main | 02c66a3c13ebabdf71eb29d87996aaa7a06a7c29 |
| meteora_damm_v2 | https://github.com/MeteoraAg/damm-v2.git | main | bdd8a1e355f484b3cff131578a662c560b97b72f |
| meteora_damm_v2_sdk | https://github.com/MeteoraAg/damm-v2-sdk.git | main | 8ecb5ea8b9abcf53baaa40e66157b19f1e246677 |
| meteora_dbc | https://github.com/MeteoraAg/dynamic-bonding-curve.git | main | 3b540e94b5b20ba37733de6e25f58522a0cd8961 |
| raydium_docs | https://github.com/raydium-io/raydium-docs.git | master | 5198365aee2506cca0d4e91b0e016a5afc5cc1e2 |
| raydium_sdk_v2 | https://github.com/raydium-io/raydium-sdk-V2.git | master | 124c625edcfe31206debcfb72f8937466ed46a91 |
| raydium_cp_swap | https://github.com/raydium-io/raydium-cp-swap.git | master | 78f254e1023751e706df7dc15c453fc3e046697c |
| raydium_amm | https://github.com/raydium-io/raydium-amm.git | master | c613c87c41edbe21112c9b8341774a70009c6d7b |
| raydium_clmm | https://github.com/raydium-io/raydium-clmm.git | master | f68fd4286821905b5d1f8a8762f0c51a7f33c578 |

This file is generated. Re-run scripts/sync_sources.sh to refresh.
