# Upstream Sources Lock

Generated: 2026-06-19 16:56:11 UTC
Script: scripts/sync_sources.sh

| Source | URL | Branch | Commit |
| --- | --- | --- | --- |
| pump_public_docs | https://github.com/pump-fun/pump-public-docs.git | main | 1b822158844a60ca577df6ca122211b595a1a578 |
| meteora_docs | https://github.com/MeteoraAg/docs.git | main | 5926088af5194d2787801b1add59f42a52fecb51 |
| meteora_dlmm_sdk | https://github.com/MeteoraAg/dlmm-sdk.git | main | cb777faff57d7315753dd0c6d1d639bac4473fd9 |
| damm-v1-sdk | https://github.com/MeteoraAg/damm-v1-sdk.git | main | 02c66a3c13ebabdf71eb29d87996aaa7a06a7c29 |
| meteora_damm_v2 | https://github.com/MeteoraAg/damm-v2.git | main | a3d3827f2094040fb2b2cd9dec94007cdb19b4f7 |
| meteora_damm_v2_sdk | https://github.com/MeteoraAg/damm-v2-sdk.git | main | 1872ee314a0f4f6c47f7d1766da018b2b50dc971 |
| meteora_dbc | https://github.com/MeteoraAg/dynamic-bonding-curve.git | main | 3b540e94b5b20ba37733de6e25f58522a0cd8961 |
| raydium_docs | https://github.com/raydium-io/raydium-docs.git | master | 5198365aee2506cca0d4e91b0e016a5afc5cc1e2 |
| raydium_sdk_v2 | https://github.com/raydium-io/raydium-sdk-V2.git | master | 844976f164abd093dc3505bc4e1609566b125c87 |
| raydium_cp_swap | https://github.com/raydium-io/raydium-cp-swap.git | master | 78f254e1023751e706df7dc15c453fc3e046697c |
| raydium_amm | https://github.com/raydium-io/raydium-amm.git | master | c613c87c41edbe21112c9b8341774a70009c6d7b |
| raydium_clmm | https://github.com/raydium-io/raydium-clmm.git | master | fcad161ef2cb486f3f8baffee98eb39517eb9948 |

This file is generated. Re-run scripts/sync_sources.sh to refresh.
